{
  "nodes": {
    "ambxst-x": {
      "inputs": {
        "axctl": "axctl",
        "nixpkgs": [
          "nixpkgs"
        ]
      },
      "locked": {
        "lastModified": 1784989985,
        "narHash": "sha256-8u0haeiZ3hCDoTiahNEnt+GVwi3+pinEvIBtRJecBMg=",
        "owner": "OrynVail",
        "repo": "Ambxst-X",
        "rev": "ee9fcbd4f8d602bad3bc9ede0f32f20b09989ba3",
        "type": "github"
      },
      "original": {
        "owner": "OrynVail",
        "repo": "Ambxst-X",
        "type": "github"
      }
    },
    "axctl": {
      "inputs": {
        "nixpkgs": [
          "ambxst-x",
          "nixpkgs"
        ]
      },
      "locked": {
        "lastModified": 1779850544,
        "narHash": "sha256-RSnr/BVWGw7+OXrRQ+PBrZZ/3gxlwmFlKW4zjlIRoDg=",
        "owner": "Axenide",
        "repo": "axctl",
        "rev": "1e163c0193cf3b407b5d9bf65fbdb3ef8c8c1710",
        "type": "github"
      },
      "original": {
        "owner": "Axenide",
        "repo": "axctl",
        "type": "github"
      }
    },
    "nixpkgs": {
      "locked": {
        "lastModified": 1785318670,
        "narHash": "sha256-dN6Ou5x/+23FZLEpYP3IffO+NyJFzUlGumt1uu3MMaY=",
        "owner": "NixOS",
        "repo": "nixpkgs",
        "rev": "0954f7ee2f6bb3dc7d4e3d0d8bcb8fd4bde4cfc5",
        "type": "github"
      },
      "original": {
        "owner": "NixOS",
        "ref": "nixos-unstable",
        "repo": "nixpkgs",
        "type": "github"
      }
    },
    "root": {
      "inputs": {
        "ambxst-x": "ambxst-x",
        "nixpkgs": "nixpkgs"
      }
    }
  },
  "root": "root",
  "version": 7
}
