{
  "nodes": {
    "flake-parts": {
      "inputs": {
        "nixpkgs-lib": "nixpkgs-lib"
      },
      "locked": {
        "lastModified": 1785627969,
        "narHash": "sha256-4dtXQk/NMePegK/nWp5NSeuZKLATItOq61lpEvmXqGw=",
        "owner": "hercules-ci",
        "repo": "flake-parts",
        "rev": "427bf4bd9435fdf21321c8cc628c24efc14c0f7a",
        "type": "github"
      },
      "original": {
        "owner": "hercules-ci",
        "repo": "flake-parts",
        "type": "github"
      }
    },
    "nixpkgs": {
      "locked": {
        "lastModified": 1786599213,
        "narHash": "sha256-yNJd40f11EzXBjSByCB7IPpeFFAdeoSKKM67dGkfFoU=",
        "owner": "NixOS",
        "repo": "nixpkgs",
        "rev": "0e251e24a4f24e036a084b6b4b2d2491af4167f4",
        "type": "github"
      },
      "original": {
        "owner": "NixOS",
        "ref": "nixos-unstable",
        "repo": "nixpkgs",
        "type": "github"
      }
    },
    "nixpkgs-lib": {
      "locked": {
        "lastModified": 1785031560,
        "narHash": "sha256-OmshNvn2vupOFpYinLUu+1Dnpu4n7Q5N3ggGVNHpkUI=",
        "owner": "nix-community",
        "repo": "nixpkgs.lib",
        "rev": "0e79af5e3d4dcfcd676ab5ba3f95d2e3352e078c",
        "type": "github"
      },
      "original": {
        "owner": "nix-community",
        "repo": "nixpkgs.lib",
        "type": "github"
      }
    },
    "noctalia": {
      "inputs": {
        "nixpkgs": [
          "noctalia-conf",
          "nixpkgs"
        ]
      },
      "locked": {
        "lastModified": 1787624990,
        "narHash": "sha256-GYiCoMAaTD9TiprDbrNcuxeHNeiX5HVFyRf6iESl13A=",
        "owner": "noctalia-dev",
        "repo": "noctalia",
        "rev": "e6846db9ab4e6e4c107c4c5072cde9223d6a58c5",
        "type": "github"
      },
      "original": {
        "owner": "noctalia-dev",
        "repo": "noctalia",
        "type": "github"
      }
    },
    "noctalia-conf": {
      "inputs": {
        "nixpkgs": [
          "nixpkgs"
        ],
        "noctalia": "noctalia"
      },
      "locked": {
        "lastModified": 1788350843,
        "narHash": "sha256-Wyd2MhWQ93wT0U2BcMhFroUU5vYnh9XZFqOXNTXSgeY=",
        "owner": "Joaoferraz-byte",
        "repo": "noctalia-conf",
        "rev": "6acc2fdb8c4bdc6694961a01c21e23c0d407d5a9",
        "type": "github"
      },
      "original": {
        "owner": "Joaoferraz-byte",
        "repo": "noctalia-conf",
        "type": "github"
      }
    },
    "root": {
      "inputs": {
        "flake-parts": "flake-parts",
        "nixpkgs": "nixpkgs",
        "noctalia-conf": "noctalia-conf"
      }
    }
  },
  "root": "root",
  "version": 7
}
