{
  "nodes": {
    "community-templates": {
      "flake": false,
      "locked": {
        "lastModified": 1788274189,
        "narHash": "sha256-PCqZpFLLm4kMZBa20rVYk7ReNZhaXrQ+uu4uYSeiBJU=",
        "owner": "noctalia-dev",
        "repo": "community-templates",
        "rev": "bc62c170cbf6f8a225f542005b44cf0e7421b2d7",
        "type": "github"
      },
      "original": {
        "owner": "noctalia-dev",
        "repo": "community-templates",
        "type": "github"
      }
    },
    "flake-parts": {
      "inputs": {
        "nixpkgs-lib": "nixpkgs-lib"
      },
      "locked": {
        "lastModified": 1785627969,
        "narHash": "sha256-4dtXQk/NMePegK/nWp5NSeuZKLATItOq61lpEvmXqGw=",
        "owner": "hercules-ci",
        "repo": "flake-parts",
        "rev": "427bf4bd9435fdf21321c8cc628c24efc14c0f7a",
        "type": "github"
      },
      "original": {
        "owner": "hercules-ci",
        "repo": "flake-parts",
        "type": "github"
      }
    },
    "nixpkgs": {
      "locked": {
        "lastModified": 1786599213,
        "narHash": "sha256-yNJd40f11EzXBjSByCB7IPpeFFAdeoSKKM67dGkfFoU=",
        "owner": "NixOS",
        "repo": "nixpkgs",
        "rev": "0e251e24a4f24e036a084b6b4b2d2491af4167f4",
        "type": "github"
      },
      "original": {
        "owner": "NixOS",
        "ref": "nixos-unstable",
        "repo": "nixpkgs",
        "type": "github"
      }
    },
    "nixpkgs-lib": {
      "locked": {
        "lastModified": 1785031560,
        "narHash": "sha256-OmshNvn2vupOFpYinLUu+1Dnpu4n7Q5N3ggGVNHpkUI=",
        "owner": "nix-community",
        "repo": "nixpkgs.lib",
        "rev": "0e79af5e3d4dcfcd676ab5ba3f95d2e3352e078c",
        "type": "github"
      },
      "original": {
        "owner": "nix-community",
        "repo": "nixpkgs.lib",
        "type": "github"
      }
    },
    "noctalia": {
      "inputs": {
        "nixpkgs": [
          "noctalia-conf",
          "nixpkgs"
        ]
      },
      "locked": {
        "lastModified": 1787624990,
        "narHash": "sha256-GYiCoMAaTD9TiprDbrNcuxeHNeiX5HVFyRf6iESl13A=",
        "owner": "noctalia-dev",
        "repo": "noctalia",
        "rev": "e6846db9ab4e6e4c107c4c5072cde9223d6a58c5",
        "type": "github"
      },
      "original": {
        "owner": "noctalia-dev",
        "repo": "noctalia",
        "type": "github"
      }
    },
    "noctalia-conf": {
      "inputs": {
        "nixpkgs": [
          "nixpkgs"
        ],
        "noctalia": "noctalia"
      },
      "locked": {
        "lastModified": 1788350340,
        "narHash": "sha256-EXeR2IPKmUtrzxI5Z0Lo7+WlZuKZwkkeQ+ESsM7bt2Y=",
        "owner": "Joaoferraz-byte",
        "repo": "noctalia-conf",
        "rev": "1acf2220d5ee745e3aedfe92b74da7e7c6d13d78",
        "type": "github"
      },
      "original": {
        "owner": "Joaoferraz-byte",
        "repo": "noctalia-conf",
        "type": "github"
      }
    },
    "root": {
      "inputs": {
        "community-templates": "community-templates",
        "flake-parts": "flake-parts",
        "nixpkgs": "nixpkgs",
        "noctalia-conf": "noctalia-conf"
      }
    }
  },
  "root": "root",
  "version": 7
}
